github.com/go-telegram/bot v0.7.13 h1:8VUBXtYwdh0skrCx6oORSrT0M9ZZaKIKIX3hC3XBs1A=
github.com/go-telegram/bot v0.7.13/go.mod h1:i2TRs7fXWIeaceF3z7KzsMt/he0TwkVC680mvdTFYeM=
github.com/go-telegram/ui v0.1.1 h1:W3VyIIRGOrczc9MvYDEbqllOg43PuOEASpRH6Wj5qgM=
github.com/go-telegram/ui v0.1.1/go.mod h1:TfLsFmD6pHqc4KsBAyVq5EFwKKSAB3gI2dOj2v+Wyvk=
